
Microsoft Visual Studio Solution File, Format Version 12.00
# Visual Studio 14
VisualStudioVersion = 14.0.25420.1
MinimumVisualStudioVersion = 10.0.40219.1
Project("{FAE04EC0-301F-11D3-BF4B-00C04F79EFBC}") = "AWS-2", "AWS-2\AWS-2.csproj", "{A9BA6F39-2C8A-4FDB-8ACF-2E217D90D54C}"
EndProject
Global
	GlobalSection(SolutionConfigurationPlatforms) = preSolution
		Debug|Any CPU = Debug|Any CPU
		Release|Any CPU = Release|Any CPU
	EndGlobalSection
	GlobalSection(ProjectConfigurationPlatforms) = postSolution
		{A9BA6F39-2C8A-4FDB-8ACF-2E217D90D54C}.Debug|Any CPU.ActiveCfg = Debug|Any CPU
		{A9BA6F39-2C8A-4FDB-8ACF-2E217D90D54C}.Debug|Any CPU.Build.0 = Debug|Any CPU
		{A9BA6F39-2C8A-4FDB-8ACF-2E217D90D54C}.Release|Any CPU.ActiveCfg = Release|Any CPU
		{A9BA6F39-2C8A-4FDB-8ACF-2E217D90D54C}.Release|Any CPU.Build.0 = Release|Any CPU
	EndGlobalSection
	GlobalSection(SolutionProperties) = preSolution
		HideSolutionNode = FALSE
	EndGlobalSection
EndGlobal
